// !$*UTF8*$!
{
	archiveVersion = 1;
	classes = {
	};
	objectVersion = 56;
	objects = {

/* Begin PBXBuildFile section */
		66109DC62B8E6773003AB77A /* CreateNewAccount.swift in Sources */ = {isa = PBXBuildFile; fileRef = 66109DC52B8E6773003AB77A /* CreateNewAccount.swift */; };
		6630609D2B8D548C002C5F16 /* SoloMapApp.swift in Sources */ = {isa = PBXBuildFile; fileRef = 6630609C2B8D548C002C5F16 /* SoloMapApp.swift */; };
		663060A12B8D548C002C5F16 /* Item.swift in Sources */ = {isa = PBXBuildFile; fileRef = 663060A02B8D548C002C5F16 /* Item.swift */; };
		663060A32B8D548E002C5F16 /* Assets.xcassets in Resources */ = {isa = PBXBuildFile; fileRef = 663060A22B8D548E002C5F16 /* Assets.xcassets */; };
		663060A62B8D548E002C5F16 /* Preview Assets.xcassets in Resources */ = {isa = PBXBuildFile; fileRef = 663060A52B8D548E002C5F16 /* Preview Assets.xcassets */; };
		663060B42B8DC1E9002C5F16 /* UIcolor.swift in Sources */ = {isa = PBXBuildFile; fileRef = 663060B32B8DC1E9002C5F16 /* UIcolor.swift */; };
		663060B62B8DC5BE002C5F16 /* SearchBarButtonView.swift in Sources */ = {isa = PBXBuildFile; fileRef = 663060B52B8DC5BE002C5F16 /* SearchBarButtonView.swift */; };
		663060BC2B8DEAB1002C5F16 /* LoginView.swift in Sources */ = {isa = PBXBuildFile; fileRef = 663060BB2B8DEAB1002C5F16 /* LoginView.swift */; };
		66C16C1C2B8E86170021E30C /* ContentView.swift in Sources */ = {isa = PBXBuildFile; fileRef = 66C16C1B2B8E86170021E30C /* ContentView.swift */; };
		66C16C1E2B8E88F10021E30C /* MapMainView.swift in Sources */ = {isa = PBXBuildFile; fileRef = 66C16C1D2B8E88F10021E30C /* MapMainView.swift */; };
		66C16C232B8E8F8F0021E30C /* cat.mp3 in Resources */ = {isa = PBXBuildFile; fileRef = 66C16C1F2B8E8F8F0021E30C /* cat.mp3 */; };
		66C16C242B8E8F8F0021E30C /* YOASOBI.mp3 in Resources */ = {isa = PBXBuildFile; fileRef = 66C16C202B8E8F8F0021E30C /* YOASOBI.mp3 */; };
		66C16C252B8E8F8F0021E30C /* GS.mp3 in Resources */ = {isa = PBXBuildFile; fileRef = 66C16C212B8E8F8F0021E30C /* GS.mp3 */; };
		66C16C262B8E8F8F0021E30C /* phone.mp3 in Resources */ = {isa = PBXBuildFile; fileRef = 66C16C222B8E8F8F0021E30C /* phone.mp3 */; };
		66C16C2A2B8E96540021E30C /* AudioPlayer.swift in Sources */ = {isa = PBXBuildFile; fileRef = 66C16C292B8E96540021E30C /* AudioPlayer.swift */; };
/* End PBXBuildFile section */

/* Begin PBXFileReference section */
		66109DC52B8E6773003AB77A /* CreateNewAccount.swift */ = {isa = PBXFileReference; fileEncoding = 4; lastKnownFileType = sourcecode.swift; path = CreateNewAccount.swift; sourceTree = "<group>"; };
		663060992B8D548C002C5F16 /* SoloMap.app */ = {isa = PBXFileReference; explicitFileType = wrapper.application; includeInIndex = 0; path = SoloMap.app; sourceTree = BUILT_PRODUCTS_DIR; };
		6630609C2B8D548C002C5F16 /* SoloMapApp.swift */ = {isa = PBXFileReference; lastKnownFileType = sourcecode.swift; path = SoloMapApp.swift; sourceTree = "<group>"; };
		663060A02B8D548C002C5F16 /* Item.swift */ = {isa = PBXFileReference; lastKnownFileType = sourcecode.swift; path = Item.swift; sourceTree = "<group>"; };
		663060A22B8D548E002C5F16 /* Assets.xcassets */ = {isa = PBXFileReference; lastKnownFileType = folder.assetcatalog; path = Assets.xcassets; sourceTree = "<group>"; };
		663060A52B8D548E002C5F16 /* Preview Assets.xcassets */ = {isa = PBXFileReference; lastKnownFileType = folder.assetcatalog; path = "Preview Assets.xcassets"; sourceTree = "<group>"; };
		663060B02B8D6A28002C5F16 /* Info.plist */ = {isa = PBXFileReference; lastKnownFileType = text.plist; path = Info.plist; sourceTree = "<group>"; };
		663060B32B8DC1E9002C5F16 /* UIcolor.swift */ = {isa = PBXFileReference; lastKnownFileType = sourcecode.swift; path = UIcolor.swift; sourceTree = "<group>"; };
		663060B52B8DC5BE002C5F16 /* SearchBarButtonView.swift */ = {isa = PBXFileReference; lastKnownFileType = sourcecode.swift; path = SearchBarButtonView.swift; sourceTree = "<group>"; };
		663060BB2B8DEAB1002C5F16 /* LoginView.swift */ = {isa = PBXFileReference; lastKnownFileType = sourcecode.swift; path = LoginView.swift; sourceTree = "<group>"; };
		66C16C1B2B8E86170021E30C /* ContentView.swift */ = {isa = PBXFileReference; fileEncoding = 4; lastKnownFileType = sourcecode.swift; path = ContentView.swift; sourceTree = "<group>"; };
		66C16C1D2B8E88F10021E30C /* MapMainView.swift */ = {isa = PBXFileReference; lastKnownFileType = sourcecode.swift; path = MapMainView.swift; sourceTree = "<group>"; };
		66C16C1F2B8E8F8F0021E30C /* cat.mp3 */ = {isa = PBXFileReference; lastKnownFileType = audio.mp3; path = cat.mp3; sourceTree = "<group>"; };
		66C16C202B8E8F8F0021E30C /* YOASOBI.mp3 */ = {isa = PBXFileReference; lastKnownFileType = audio.mp3; path = YOASOBI.mp3; sourceTree = "<group>"; };
		66C16C212B8E8F8F0021E30C /* GS.mp3 */ = {isa = PBXFileReference; lastKnownFileType = audio.mp3; path = GS.mp3; sourceTree = "<group>"; };
		66C16C222B8E8F8F0021E30C /* phone.mp3 */ = {isa = PBXFileReference; lastKnownFileType = audio.mp3; path = phone.mp3; sourceTree = "<group>"; };
		66C16C292B8E96540021E30C /* AudioPlayer.swift */ = {isa = PBXFileReference; fileEncoding = 4; lastKnownFileType = sourcecode.swift; path = AudioPlayer.swift; sourceTree = "<group>"; };
		66C16C472B8EA9A30021E30C /* SoloMap-Bridging-Header.h */ = {isa = PBXFileReference; lastKnownFileType = sourcecode.c.h; path = "SoloMap-Bridging-Header.h"; sourceTree = "<group>"; };
/* End PBXFileReference section */

/* Begin PBXFrameworksBuildPhase section */
		663060962B8D548C002C5F16 /* Frameworks */ = {
			isa = PBXFrameworksBuildPhase;
			buildActionMask = 2147483647;
			files = (
			);
			runOnlyForDeploymentPostprocessing = 0;
		};
/* End PBXFrameworksBuildPhase section */

/* Begin PBXGroup section */
		663060902B8D548C002C5F16 = {
			isa = PBXGroup;
			children = (
				66C16C292B8E96540021E30C /* AudioPlayer.swift */,
				663060B52B8DC5BE002C5F16 /* SearchBarButtonView.swift */,
				663060B32B8DC1E9002C5F16 /* UIcolor.swift */,
				6630609B2B8D548C002C5F16 /* SoloMap */,
				6630609A2B8D548C002C5F16 /* Products */,
				66C16C472B8EA9A30021E30C /* SoloMap-Bridging-Header.h */,
			);
			sourceTree = "<group>";
		};
		6630609A2B8D548C002C5F16 /* Products */ = {
			isa = PBXGroup;
			children = (
				663060992B8D548C002C5F16 /* SoloMap.app */,
			);
			name = Products;
			sourceTree = "<group>";
		};
		6630609B2B8D548C002C5F16 /* SoloMap */ = {
			isa = PBXGroup;
			children = (
				663060B02B8D6A28002C5F16 /* Info.plist */,
				66C16C1B2B8E86170021E30C /* ContentView.swift */,
				6630609C2B8D548C002C5F16 /* SoloMapApp.swift */,
				66C16C1D2B8E88F10021E30C /* MapMainView.swift */,
				663060BB2B8DEAB1002C5F16 /* LoginView.swift */,
				66109DC52B8E6773003AB77A /* CreateNewAccount.swift */,
				663060A02B8D548C002C5F16 /* Item.swift */,
				66C16C1F2B8E8F8F0021E30C /* cat.mp3 */,
				66C16C212B8E8F8F0021E30C /* GS.mp3 */,
				66C16C222B8E8F8F0021E30C /* phone.mp3 */,
				66C16C202B8E8F8F0021E30C /* YOASOBI.mp3 */,
				663060A22B8D548E002C5F16 /* Assets.xcassets */,
				663060A42B8D548E002C5F16 /* Preview Content */,
			);
			path = SoloMap;
			sourceTree = "<group>";
		};
		663060A42B8D548E002C5F16 /* Preview Content */ = {
			isa = PBXGroup;
			children = (
				663060A52B8D548E002C5F16 /* Preview Assets.xcassets */,
			);
			path = "Preview Content";
			sourceTree = "<group>";
		};
/* End PBXGroup section */

/* Begin PBXNativeTarget section */
		663060982B8D548C002C5F16 /* SoloMap */ = {
			isa = PBXNativeTarget;
			buildConfigurationList = 663060A92B8D548E002C5F16 /* Build configuration list for PBXNativeTarget "SoloMap" */;
			buildPhases = (
				663060952B8D548C002C5F16 /* Sources */,
				663060962B8D548C002C5F16 /* Frameworks */,
				663060972B8D548C002C5F16 /* Resources */,
			);
			buildRules = (
			);
			dependencies = (
			);
			name = SoloMap;
			productName = SoloMap;
			productReference = 663060992B8D548C002C5F16 /* SoloMap.app */;
			productType = "com.apple.product-type.application";
		};
/* End PBXNativeTarget section */

/* Begin PBXProject section */
		663060912B8D548C002C5F16 /* Project object */ = {
			isa = PBXProject;
			attributes = {
				BuildIndependentTargetsInParallel = 1;
				LastSwiftUpdateCheck = 1520;
				LastUpgradeCheck = 1520;
				TargetAttributes = {
					663060982B8D548C002C5F16 = {
						CreatedOnToolsVersion = 15.2;
						LastSwiftMigration = 1520;
					};
				};
			};
			buildConfigurationList = 663060942B8D548C002C5F16 /* Build configuration list for PBXProject "SoloMap" */;
			compatibilityVersion = "Xcode 14.0";
			developmentRegion = en;
			hasScannedForEncodings = 0;
			knownRegions = (
				en,
				Base,
			);
			mainGroup = 663060902B8D548C002C5F16;
			productRefGroup = 6630609A2B8D548C002C5F16 /* Products */;
			projectDirPath = "";
			projectRoot = "";
			targets = (
				663060982B8D548C002C5F16 /* SoloMap */,
			);
		};
/* End PBXProject section */

/* Begin PBXResourcesBuildPhase section */
		663060972B8D548C002C5F16 /* Resources */ = {
			isa = PBXResourcesBuildPhase;
			buildActionMask = 2147483647;
			files = (
				66C16C252B8E8F8F0021E30C /* GS.mp3 in Resources */,
				66C16C232B8E8F8F0021E30C /* cat.mp3 in Resources */,
				663060A62B8D548E002C5F16 /* Preview Assets.xcassets in Resources */,
				663060A32B8D548E002C5F16 /* Assets.xcassets in Resources */,
				66C16C242B8E8F8F0021E30C /* YOASOBI.mp3 in Resources */,
				66C16C262B8E8F8F0021E30C /* phone.mp3 in Resources */,
			);
			runOnlyForDeploymentPostprocessing = 0;
		};
/* End PBXResourcesBuildPhase section */

/* Begin PBXSourcesBuildPhase section */
		663060952B8D548C002C5F16 /* Sources */ = {
			isa = PBXSourcesBuildPhase;
			buildActionMask = 2147483647;
			files = (
				663060BC2B8DEAB1002C5F16 /* LoginView.swift in Sources */,
				663060B42B8DC1E9002C5F16 /* UIcolor.swift in Sources */,
				66109DC62B8E6773003AB77A /* CreateNewAccount.swift in Sources */,
				66C16C1C2B8E86170021E30C /* ContentView.swift in Sources */,
				66C16C1E2B8E88F10021E30C /* MapMainView.swift in Sources */,
				663060A12B8D548C002C5F16 /* Item.swift in Sources */,
				66C16C2A2B8E96540021E30C /* AudioPlayer.swift in Sources */,
				6630609D2B8D548C002C5F16 /* SoloMapApp.swift in Sources */,
				663060B62B8DC5BE002C5F16 /* SearchBarButtonView.swift in Sources */,
			);
			runOnlyForDeploymentPostprocessing = 0;
		};
/* End PBXSourcesBuildPhase section */

/* Begin XCBuildConfiguration section */
		663060A72B8D548E002C5F16 /* Debug */ = {
			isa = XCBuildConfiguration;
			buildSettings = {
				ALWAYS_SEARCH_USER_PATHS = NO;
				ASSETCATALOG_COMPILER_GENERATE_SWIFT_ASSET_SYMBOL_EXTENSIONS = YES;
				CLANG_ANALYZER_NONNULL = YES;
				CLANG_ANALYZER_NUMBER_OBJECT_CONVERSION = YES_AGGRESSIVE;
				CLANG_CXX_LANGUAGE_STANDARD = "gnu++20";
				CLANG_ENABLE_MODULES = YES;
				CLANG_ENABLE_OBJC_ARC = YES;
				CLANG_ENABLE_OBJC_WEAK = YES;
				CLANG_WARN_BLOCK_CAPTURE_AUTORELEASING = YES;
				CLANG_WARN_BOOL_CONVERSION = YES;
				CLANG_WARN_COMMA = YES;
				CLANG_WARN_CONSTANT_CONVERSION = YES;
				CLANG_WARN_DEPRECATED_OBJC_IMPLEMENTATIONS = YES;
				CLANG_WARN_DIRECT_OBJC_ISA_USAGE = YES_ERROR;
				CLANG_WARN_DOCUMENTATION_COMMENTS = YES;
				CLANG_WARN_EMPTY_BODY = YES;
				CLANG_WARN_ENUM_CONVERSION = YES;
				CLANG_WARN_INFINITE_RECURSION = YES;
				CLANG_WARN_INT_CONVERSION = YES;
				CLANG_WARN_NON_LITERAL_NULL_CONVERSION = YES;
				CLANG_WARN_OBJC_IMPLICIT_RETAIN_SELF = YES;
				CLANG_WARN_OBJC_LITERAL_CONVERSION = YES;
				CLANG_WARN_OBJC_ROOT_CLASS = YES_ERROR;
				CLANG_WARN_QUOTED_INCLUDE_IN_FRAMEWORK_HEADER = YES;
				CLANG_WARN_RANGE_LOOP_ANALYSIS = YES;
				CLANG_WARN_STRICT_PROTOTYPES = YES;
				CLANG_WARN_SUSPICIOUS_MOVE = YES;
				CLANG_WARN_UNGUARDED_AVAILABILITY = YES_AGGRESSIVE;
				CLANG_WARN_UNREACHABLE_CODE = YES;
				CLANG_WARN__DUPLICATE_METHOD_MATCH = YES;
				COPY_PHASE_STRIP = NO;
				DEBUG_INFORMATION_FORMAT = dwarf;
				ENABLE_STRICT_OBJC_MSGSEND = YES;
				ENABLE_TESTABILITY = YES;
				ENABLE_USER_SCRIPT_SANDBOXING = YES;
				GCC_C_LANGUAGE_STANDARD = gnu17;
				GCC_DYNAMIC_NO_PIC = NO;
				GCC_NO_COMMON_BLOCKS = YES;
				GCC_OPTIMIZATION_LEVEL = 0;
				GCC_PREPROCESSOR_DEFINITIONS = (
					"DEBUG=1",
					"$(inherited)",
				);
				GCC_WARN_64_TO_32_BIT_CONVERSION = YES;
				GCC_WARN_ABOUT_RETURN_TYPE = YES_ERROR;
				GCC_WARN_UNDECLARED_SELECTOR = YES;
				GCC_WARN_UNINITIALIZED_AUTOS = YES_AGGRESSIVE;
				GCC_WARN_UNUSED_FUNCTION = YES;
				GCC_WARN_UNUSED_VARIABLE = YES;
				IPHONEOS_DEPLOYMENT_TARGET = 17.2;
				LOCALIZATION_PREFERS_STRING_CATALOGS = YES;
				MTL_ENABLE_DEBUG_INFO = INCLUDE_SOURCE;
				MTL_FAST_MATH = YES;
				ONLY_ACTIVE_ARCH = YES;
				SDKROOT = iphoneos;
				SWIFT_ACTIVE_COMPILATION_CONDITIONS = "DEBUG $(inherited)";
				SWIFT_OPTIMIZATION_LEVEL = "-Onone";
			};
			name = Debug;
		};
		663060A82B8D548E002C5F16 /* Release */ = {
			isa = XCBuildConfiguration;
			buildSettings = {
				ALWAYS_SEARCH_USER_PATHS = NO;
				ASSETCATALOG_COMPILER_GENERATE_SWIFT_ASSET_SYMBOL_EXTENSIONS = YES;
				CLANG_ANALYZER_NONNULL = YES;
				CLANG_ANALYZER_NUMBER_OBJECT_CONVERSION = YES_AGGRESSIVE;
				CLANG_CXX_LANGUAGE_STANDARD = "gnu++20";
				CLANG_ENABLE_MODULES = YES;
				CLANG_ENABLE_OBJC_ARC = YES;
				CLANG_ENABLE_OBJC_WEAK = YES;
				CLANG_WARN_BLOCK_CAPTURE_AUTORELEASING = YES;
				CLANG_WARN_BOOL_CONVERSION = YES;
				CLANG_WARN_COMMA = YES;
				CLANG_WARN_CONSTANT_CONVERSION = YES;
				CLANG_WARN_DEPRECATED_OBJC_IMPLEMENTATIONS = YES;
				CLANG_WARN_DIRECT_OBJC_ISA_USAGE = YES_ERROR;
				CLANG_WARN_DOCUMENTATION_COMMENTS = YES;
				CLANG_WARN_EMPTY_BODY = YES;
				CLANG_WARN_ENUM_CONVERSION = YES;
				CLANG_WARN_INFINITE_RECURSION = YES;
				CLANG_WARN_INT_CONVERSION = YES;
				CLANG_WARN_NON_LITERAL_NULL_CONVERSION = YES;
				CLANG_WARN_OBJC_IMPLICIT_RETAIN_SELF = YES;
				CLANG_WARN_OBJC_LITERAL_CONVERSION = YES;
				CLANG_WARN_OBJC_ROOT_CLASS = YES_ERROR;
				CLANG_WARN_QUOTED_INCLUDE_IN_FRAMEWORK_HEADER = YES;
				CLANG_WARN_RANGE_LOOP_ANALYSIS = YES;
				CLANG_WARN_STRICT_PROTOTYPES = YES;
				CLANG_WARN_SUSPICIOUS_MOVE = YES;
				CLANG_WARN_UNGUARDED_AVAILABILITY = YES_AGGRESSIVE;
				CLANG_WARN_UNREACHABLE_CODE = YES;
				CLANG_WARN__DUPLICATE_METHOD_MATCH = YES;
				COPY_PHASE_STRIP = NO;
				DEBUG_INFORMATION_FORMAT = "dwarf-with-dsym";
				ENABLE_NS_ASSERTIONS = NO;
				ENABLE_STRICT_OBJC_MSGSEND = YES;
				ENABLE_USER_SCRIPT_SANDBOXING = YES;
				GCC_C_LANGUAGE_STANDARD = gnu17;
				GCC_NO_COMMON_BLOCKS = YES;
				GCC_WARN_64_TO_32_BIT_CONVERSION = YES;
				GCC_WARN_ABOUT_RETURN_TYPE = YES_ERROR;
				GCC_WARN_UNDECLARED_SELECTOR = YES;
				GCC_WARN_UNINITIALIZED_AUTOS = YES_AGGRESSIVE;
				GCC_WARN_UNUSED_FUNCTION = YES;
				GCC_WARN_UNUSED_VARIABLE = YES;
				IPHONEOS_DEPLOYMENT_TARGET = 17.2;
				LOCALIZATION_PREFERS_STRING_CATALOGS = YES;
				MTL_ENABLE_DEBUG_INFO = NO;
				MTL_FAST_MATH = YES;
				SDKROOT = iphoneos;
				SWIFT_COMPILATION_MODE = wholemodule;
				VALIDATE_PRODUCT = YES;
			};
			name = Release;
		};
		663060AA2B8D548E002C5F16 /* Debug */ = {
			isa = XCBuildConfiguration;
			buildSettings = {
				ASSETCATALOG_COMPILER_APPICON_NAME = AppIcon;
				ASSETCATALOG_COMPILER_GLOBAL_ACCENT_COLOR_NAME = AccentColor;
				CLANG_ENABLE_MODULES = YES;
				CODE_SIGN_STYLE = Automatic;
				CURRENT_PROJECT_VERSION = 1;
				DEVELOPMENT_ASSET_PATHS = "\"SoloMap/Preview Content\"";
				DEVELOPMENT_TEAM = BLRFR6W59H;
				ENABLE_PREVIEWS = YES;
				GENERATE_INFOPLIST_FILE = YES;
				INFOPLIST_FILE = SoloMap/Info.plist;
				INFOPLIST_KEY_NSLocationAlwaysUsageDescription = "";
				INFOPLIST_KEY_NSLocationWhenInUseUsageDescription = "";
				INFOPLIST_KEY_UIApplicationSceneManifest_Generation = YES;
				INFOPLIST_KEY_UIApplicationSupportsIndirectInputEvents = YES;
				INFOPLIST_KEY_UILaunchScreen_Generation = YES;
				INFOPLIST_KEY_UISupportedInterfaceOrientations_iPad = "UIInterfaceOrientationPortrait UIInterfaceOrientationPortraitUpsideDown UIInterfaceOrientationLandscapeLeft UIInterfaceOrientationLandscapeRight";
				INFOPLIST_KEY_UISupportedInterfaceOrientations_iPhone = "UIInterfaceOrientationPortrait UIInterfaceOrientationLandscapeLeft UIInterfaceOrientationLandscapeRight";
				LD_RUNPATH_SEARCH_PATHS = (
					"$(inherited)",
					"@executable_path/Frameworks",
				);
				MARKETING_VERSION = 1.0;
				PRODUCT_BUNDLE_IDENTIFIER = swift.SoloMap;
				PRODUCT_NAME = "$(TARGET_NAME)";
				SWIFT_EMIT_LOC_STRINGS = YES;
				SWIFT_OBJC_BRIDGING_HEADER = "SoloMap-Bridging-Header.h";
				SWIFT_OPTIMIZATION_LEVEL = "-Onone";
				SWIFT_VERSION = 5.0;
				TARGETED_DEVICE_FAMILY = "1,2";
			};
			name = Debug;
		};
		663060AB2B8D548E002C5F16 /* Release */ = {
			isa = XCBuildConfiguration;
			buildSettings = {
				ASSETCATALOG_COMPILER_APPICON_NAME = AppIcon;
				ASSETCATALOG_COMPILER_GLOBAL_ACCENT_COLOR_NAME = AccentColor;
				CLANG_ENABLE_MODULES = YES;
				CODE_SIGN_STYLE = Automatic;
				CURRENT_PROJECT_VERSION = 1;
				DEVELOPMENT_ASSET_PATHS = "\"SoloMap/Preview Content\"";
				DEVELOPMENT_TEAM = BLRFR6W59H;
				ENABLE_PREVIEWS = YES;
				GENERATE_INFOPLIST_FILE = YES;
				INFOPLIST_FILE = SoloMap/Info.plist;
				INFOPLIST_KEY_NSLocationAlwaysUsageDescription = "";
				INFOPLIST_KEY_NSLocationWhenInUseUsageDescription = "";
				INFOPLIST_KEY_UIApplicationSceneManifest_Generation = YES;
				INFOPLIST_KEY_UIApplicationSupportsIndirectInputEvents = YES;
				INFOPLIST_KEY_UILaunchScreen_Generation = YES;
				INFOPLIST_KEY_UISupportedInterfaceOrientations_iPad = "UIInterfaceOrientationPortrait UIInterfaceOrientationPortraitUpsideDown UIInterfaceOrientationLandscapeLeft UIInterfaceOrientationLandscapeRight";
				INFOPLIST_KEY_UISupportedInterfaceOrientations_iPhone = "UIInterfaceOrientationPortrait UIInterfaceOrientationLandscapeLeft UIInterfaceOrientationLandscapeRight";
				LD_RUNPATH_SEARCH_PATHS = (
					"$(inherited)",
					"@executable_path/Frameworks",
				);
				MARKETING_VERSION = 1.0;
				PRODUCT_BUNDLE_IDENTIFIER = swift.SoloMap;
				PRODUCT_NAME = "$(TARGET_NAME)";
				SWIFT_EMIT_LOC_STRINGS = YES;
				SWIFT_OBJC_BRIDGING_HEADER = "SoloMap-Bridging-Header.h";
				SWIFT_VERSION = 5.0;
				TARGETED_DEVICE_FAMILY = "1,2";
			};
			name = Release;
		};
/* End XCBuildConfiguration section */

/* Begin XCConfigurationList section */
		663060942B8D548C002C5F16 /* Build configuration list for PBXProject "SoloMap" */ = {
			isa = XCConfigurationList;
			buildConfigurations = (
				663060A72B8D548E002C5F16 /* Debug */,
				663060A82B8D548E002C5F16 /* Release */,
			);
			defaultConfigurationIsVisible = 0;
			defaultConfigurationName = Release;
		};
		663060A92B8D548E002C5F16 /* Build configuration list for PBXNativeTarget "SoloMap" */ = {
			isa = XCConfigurationList;
			buildConfigurations = (
				663060AA2B8D548E002C5F16 /* Debug */,
				663060AB2B8D548E002C5F16 /* Release */,
			);
			defaultConfigurationIsVisible = 0;
			defaultConfigurationName = Release;
		};
/* End XCConfigurationList section */
	};
	rootObject = 663060912B8D548C002C5F16 /* Project object */;
}
